
Microsoft Visual Studio Solution File, Format Version 12.00
# Visual Studio Version 17
VisualStudioVersion = 17.9.34407.89
MinimumVisualStudioVersion = 10.0.40219.1
Project("{FAE04EC0-301F-11D3-BF4B-00C04F79EFBC}") = "WindowsFormsApp10", "WindowsFormsApp10\WindowsFormsApp10.csproj", "{A389481B-004C-41C3-B169-DC972447E292}"
EndProject
Global
	GlobalSection(SolutionConfigurationPlatforms) = preSolution
		Debug|Any CPU = Debug|Any CPU
		Release|Any CPU = Release|Any CPU
	EndGlobalSection
	GlobalSection(ProjectConfigurationPlatforms) = postSolution
		{A389481B-004C-41C3-B169-DC972447E292}.Debug|Any CPU.ActiveCfg = Debug|Any CPU
		{A389481B-004C-41C3-B169-DC972447E292}.Debug|Any CPU.Build.0 = Debug|Any CPU
		{A389481B-004C-41C3-B169-DC972447E292}.Release|Any CPU.ActiveCfg = Release|Any CPU
		{A389481B-004C-41C3-B169-DC972447E292}.Release|Any CPU.Build.0 = Release|Any CPU
	EndGlobalSection
	GlobalSection(SolutionProperties) = preSolution
		HideSolutionNode = FALSE
	EndGlobalSection
	GlobalSection(ExtensibilityGlobals) = postSolution
		SolutionGuid = {6EC9844E-4407-4DDB-8E53-447896ECF702}
	EndGlobalSection
EndGlobal
