
Microsoft Visual Studio Solution File, Format Version 12.00
# Visual Studio Version 17
VisualStudioVersion = 17.9.34407.89
MinimumVisualStudioVersion = 10.0.40219.1
Project("{FAE04EC0-301F-11D3-BF4B-00C04F79EFBC}") = "WinFormsApp7", "WinFormsApp7\WinFormsApp7.csproj", "{C5C1F5FE-A574-44F2-9C64-7B89CF4B2EA7}"
EndProject
Global
	GlobalSection(SolutionConfigurationPlatforms) = preSolution
		Debug|Any CPU = Debug|Any CPU
		Release|Any CPU = Release|Any CPU
	EndGlobalSection
	GlobalSection(ProjectConfigurationPlatforms) = postSolution
		{C5C1F5FE-A574-44F2-9C64-7B89CF4B2EA7}.Debug|Any CPU.ActiveCfg = Debug|Any CPU
		{C5C1F5FE-A574-44F2-9C64-7B89CF4B2EA7}.Debug|Any CPU.Build.0 = Debug|Any CPU
		{C5C1F5FE-A574-44F2-9C64-7B89CF4B2EA7}.Release|Any CPU.ActiveCfg = Release|Any CPU
		{C5C1F5FE-A574-44F2-9C64-7B89CF4B2EA7}.Release|Any CPU.Build.0 = Release|Any CPU
	EndGlobalSection
	GlobalSection(SolutionProperties) = preSolution
		HideSolutionNode = FALSE
	EndGlobalSection
	GlobalSection(ExtensibilityGlobals) = postSolution
		SolutionGuid = {8CD615E8-722D-4D4F-AD1A-17B102356536}
	EndGlobalSection
EndGlobal
