
Microsoft Visual Studio Solution File, Format Version 12.00
# Visual Studio Version 17
VisualStudioVersion = 17.9.34407.89
MinimumVisualStudioVersion = 10.0.40219.1
Project("{FAE04EC0-301F-11D3-BF4B-00C04F79EFBC}") = "WindowsFormsApp34", "WindowsFormsApp34\WindowsFormsApp34.csproj", "{120CE849-54A7-494D-96F9-E8393E38BF32}"
EndProject
Global
	GlobalSection(SolutionConfigurationPlatforms) = preSolution
		Debug|Any CPU = Debug|Any CPU
		Release|Any CPU = Release|Any CPU
	EndGlobalSection
	GlobalSection(ProjectConfigurationPlatforms) = postSolution
		{120CE849-54A7-494D-96F9-E8393E38BF32}.Debug|Any CPU.ActiveCfg = Debug|Any CPU
		{120CE849-54A7-494D-96F9-E8393E38BF32}.Debug|Any CPU.Build.0 = Debug|Any CPU
		{120CE849-54A7-494D-96F9-E8393E38BF32}.Release|Any CPU.ActiveCfg = Release|Any CPU
		{120CE849-54A7-494D-96F9-E8393E38BF32}.Release|Any CPU.Build.0 = Release|Any CPU
	EndGlobalSection
	GlobalSection(SolutionProperties) = preSolution
		HideSolutionNode = FALSE
	EndGlobalSection
	GlobalSection(ExtensibilityGlobals) = postSolution
		SolutionGuid = {4E4FB1CF-5FC6-4FA0-A078-5A1EEE48A08E}
	EndGlobalSection
EndGlobal
