
Microsoft Visual Studio Solution File, Format Version 12.00
# Visual Studio Version 17
VisualStudioVersion = 17.9.34407.89
MinimumVisualStudioVersion = 10.0.40219.1
Project("{FAE04EC0-301F-11D3-BF4B-00C04F79EFBC}") = "WindowsFormsApp28", "WindowsFormsApp28\WindowsFormsApp28.csproj", "{7FD2731A-81C7-4FA8-87E7-F7007C24D635}"
EndProject
Global
	GlobalSection(SolutionConfigurationPlatforms) = preSolution
		Debug|Any CPU = Debug|Any CPU
		Release|Any CPU = Release|Any CPU
	EndGlobalSection
	GlobalSection(ProjectConfigurationPlatforms) = postSolution
		{7FD2731A-81C7-4FA8-87E7-F7007C24D635}.Debug|Any CPU.ActiveCfg = Debug|Any CPU
		{7FD2731A-81C7-4FA8-87E7-F7007C24D635}.Debug|Any CPU.Build.0 = Debug|Any CPU
		{7FD2731A-81C7-4FA8-87E7-F7007C24D635}.Release|Any CPU.ActiveCfg = Release|Any CPU
		{7FD2731A-81C7-4FA8-87E7-F7007C24D635}.Release|Any CPU.Build.0 = Release|Any CPU
	EndGlobalSection
	GlobalSection(SolutionProperties) = preSolution
		HideSolutionNode = FALSE
	EndGlobalSection
	GlobalSection(ExtensibilityGlobals) = postSolution
		SolutionGuid = {393600C5-1582-49A2-B797-45836E02AF13}
	EndGlobalSection
EndGlobal
